
Microsoft Visual Studio Solution File, Format Version 12.00
# Visual Studio 15
VisualStudioVersion = 15.0.26430.6
MinimumVisualStudioVersion = 10.0.40219.1
Project("{FAE04EC0-301F-11D3-BF4B-00C04F79EFBC}") = "Rank101.Android", "Rank101\Rank101.Android\Rank101.Android.csproj", "{5D95B98A-0B64-4E35-97C2-FC4C3D20C5C2}"
EndProject
Project("{FAE04EC0-301F-11D3-BF4B-00C04F79EFBC}") = "Rank101", "Rank101\Rank101\Rank101.csproj", "{B7344385-A8A9-4A55-A264-DF8745B4616E}"
EndProject
Project("{FAE04EC0-301F-11D3-BF4B-00C04F79EFBC}") = "Rank101.UWP", "Rank101\Rank101.UWP\Rank101.UWP.csproj", "{0491C1DC-259B-4A80-8BB0-8E5D61B79818}"
EndProject
Project("{FAE04EC0-301F-11D3-BF4B-00C04F79EFBC}") = "Rank101.iOS", "Rank101\Rank101.iOS\Rank101.iOS.csproj", "{ACAD45D1-0290-42EC-854C-FB4B749C8AEA}"
EndProject
Global
	GlobalSection(SolutionConfigurationPlatforms) = preSolution
		Ad-Hoc|Any CPU = Ad-Hoc|Any CPU
		Ad-Hoc|ARM = Ad-Hoc|ARM
		Ad-Hoc|iPhone = Ad-Hoc|iPhone
		Ad-Hoc|iPhoneSimulator = Ad-Hoc|iPhoneSimulator
		Ad-Hoc|x64 = Ad-Hoc|x64
		Ad-Hoc|x86 = Ad-Hoc|x86
		AppStore|Any CPU = AppStore|Any CPU
		AppStore|ARM = AppStore|ARM
		AppStore|iPhone = AppStore|iPhone
		AppStore|iPhoneSimulator = AppStore|iPhoneSimulator
		AppStore|x64 = AppStore|x64
		AppStore|x86 = AppStore|x86
		Debug|Any CPU = Debug|Any CPU
		Debug|ARM = Debug|ARM
		Debug|iPhone = Debug|iPhone
		Debug|iPhoneSimulator = Debug|iPhoneSimulator
		Debug|x64 = Debug|x64
		Debug|x86 = Debug|x86
		Release|Any CPU = Release|Any CPU
		Release|ARM = Release|ARM
		Release|iPhone = Release|iPhone
		Release|iPhoneSimulator = Release|iPhoneSimulator
		Release|x64 = Release|x64
		Release|x86 = Release|x86
	EndGlobalSection
	GlobalSection(ProjectConfigurationPlatforms) = postSolution
		{5D95B98A-0B64-4E35-97C2-FC4C3D20C5C2}.Ad-Hoc|Any CPU.ActiveCfg = Release|Any CPU
		{5D95B98A-0B64-4E35-97C2-FC4C3D20C5C2}.Ad-Hoc|Any CPU.Build.0 = Release|Any CPU
		{5D95B98A-0B64-4E35-97C2-FC4C3D20C5C2}.Ad-Hoc|Any CPU.Deploy.0 = Release|Any CPU
		{5D95B98A-0B64-4E35-97C2-FC4C3D20C5C2}.Ad-Hoc|ARM.ActiveCfg = Release|Any CPU
		{5D95B98A-0B64-4E35-97C2-FC4C3D20C5C2}.Ad-Hoc|ARM.Build.0 = Release|Any CPU
		{5D95B98A-0B64-4E35-97C2-FC4C3D20C5C2}.Ad-Hoc|ARM.Deploy.0 = Release|Any CPU
		{5D95B98A-0B64-4E35-97C2-FC4C3D20C5C2}.Ad-Hoc|iPhone.ActiveCfg = Release|Any CPU
		{5D95B98A-0B64-4E35-97C2-FC4C3D20C5C2}.Ad-Hoc|iPhone.Build.0 = Release|Any CPU
		{5D95B98A-0B64-4E35-97C2-FC4C3D20C5C2}.Ad-Hoc|iPhone.Deploy.0 = Release|Any CPU
		{5D95B98A-0B64-4E35-97C2-FC4C3D20C5C2}.Ad-Hoc|iPhoneSimulator.ActiveCfg = Release|Any CPU
		{5D95B98A-0B64-4E35-97C2-FC4C3D20C5C2}.Ad-Hoc|iPhoneSimulator.Build.0 = Release|Any CPU
		{5D95B98A-0B64-4E35-97C2-FC4C3D20C5C2}.Ad-Hoc|iPhoneSimulator.Deploy.0 = Release|Any CPU
		{5D95B98A-0B64-4E35-97C2-FC4C3D20C5C2}.Ad-Hoc|x64.ActiveCfg = Release|Any CPU
		{5D95B98A-0B64-4E35-97C2-FC4C3D20C5C2}.Ad-Hoc|x64.Build.0 = Release|Any CPU
		{5D95B98A-0B64-4E35-97C2-FC4C3D20C5C2}.Ad-Hoc|x64.Deploy.0 = Release|Any CPU
		{5D95B98A-0B64-4E35-97C2-FC4C3D20C5C2}.Ad-Hoc|x86.ActiveCfg = Release|Any CPU
		{5D95B98A-0B64-4E35-97C2-FC4C3D20C5C2}.Ad-Hoc|x86.Build.0 = Release|Any CPU
		{5D95B98A-0B64-4E35-97C2-FC4C3D20C5C2}.Ad-Hoc|x86.Deploy.0 = Release|Any CPU
		{5D95B98A-0B64-4E35-97C2-FC4C3D20C5C2}.AppStore|Any CPU.ActiveCfg = Release|Any CPU
		{5D95B98A-0B64-4E35-97C2-FC4C3D20C5C2}.AppStore|Any CPU.Build.0 = Release|Any CPU
		{5D95B98A-0B64-4E35-97C2-FC4C3D20C5C2}.AppStore|Any CPU.Deploy.0 = Release|Any CPU
		{5D95B98A-0B64-4E35-97C2-FC4C3D20C5C2}.AppStore|ARM.ActiveCfg = Release|Any CPU
		{5D95B98A-0B64-4E35-97C2-FC4C3D20C5C2}.AppStore|ARM.Build.0 = Release|Any CPU
		{5D95B98A-0B64-4E35-97C2-FC4C3D20C5C2}.AppStore|ARM.Deploy.0 = Release|Any CPU
		{5D95B98A-0B64-4E35-97C2-FC4C3D20C5C2}.AppStore|iPhone.ActiveCfg = Release|Any CPU
		{5D95B98A-0B64-4E35-97C2-FC4C3D20C5C2}.AppStore|iPhone.Build.0 = Release|Any CPU
		{5D95B98A-0B64-4E35-97C2-FC4C3D20C5C2}.AppStore|iPhone.Deploy.0 = Release|Any CPU
		{5D95B98A-0B64-4E35-97C2-FC4C3D20C5C2}.AppStore|iPhoneSimulator.ActiveCfg = Release|Any CPU
		{5D95B98A-0B64-4E35-97C2-FC4C3D20C5C2}.AppStore|iPhoneSimulator.Build.0 = Release|Any CPU
		{5D95B98A-0B64-4E35-97C2-FC4C3D20C5C2}.AppStore|iPhoneSimulator.Deploy.0 = Release|Any CPU
		{5D95B98A-0B64-4E35-97C2-FC4C3D20C5C2}.AppStore|x64.ActiveCfg = Release|Any CPU
		{5D95B98A-0B64-4E35-97C2-FC4C3D20C5C2}.AppStore|x64.Build.0 = Release|Any CPU
		{5D95B98A-0B64-4E35-97C2-FC4C3D20C5C2}.AppStore|x64.Deploy.0 = Release|Any CPU
		{5D95B98A-0B64-4E35-97C2-FC4C3D20C5C2}.AppStore|x86.ActiveCfg = Release|Any CPU
		{5D95B98A-0B64-4E35-97C2-FC4C3D20C5C2}.AppStore|x86.Build.0 = Release|Any CPU
		{5D95B98A-0B64-4E35-97C2-FC4C3D20C5C2}.AppStore|x86.Deploy.0 = Release|Any CPU
		{5D95B98A-0B64-4E35-97C2-FC4C3D20C5C2}.Debug|Any CPU.ActiveCfg = Debug|Any CPU
		{5D95B98A-0B64-4E35-97C2-FC4C3D20C5C2}.Debug|Any CPU.Build.0 = Debug|Any CPU
		{5D95B98A-0B64-4E35-97C2-FC4C3D20C5C2}.Debug|Any CPU.Deploy.0 = Debug|Any CPU
		{5D95B98A-0B64-4E35-97C2-FC4C3D20C5C2}.Debug|ARM.ActiveCfg = Debug|Any CPU
		{5D95B98A-0B64-4E35-97C2-FC4C3D20C5C2}.Debug|ARM.Build.0 = Debug|Any CPU
		{5D95B98A-0B64-4E35-97C2-FC4C3D20C5C2}.Debug|ARM.Deploy.0 = Debug|Any CPU
		{5D95B98A-0B64-4E35-97C2-FC4C3D20C5C2}.Debug|iPhone.ActiveCfg = Debug|Any CPU
		{5D95B98A-0B64-4E35-97C2-FC4C3D20C5C2}.Debug|iPhone.Build.0 = Debug|Any CPU
		{5D95B98A-0B64-4E35-97C2-FC4C3D20C5C2}.Debug|iPhone.Deploy.0 = Debug|Any CPU
		{5D95B98A-0B64-4E35-97C2-FC4C3D20C5C2}.Debug|iPhoneSimulator.ActiveCfg = Debug|Any CPU
		{5D95B98A-0B64-4E35-97C2-FC4C3D20C5C2}.Debug|iPhoneSimulator.Build.0 = Debug|Any CPU
		{5D95B98A-0B64-4E35-97C2-FC4C3D20C5C2}.Debug|iPhoneSimulator.Deploy.0 = Debug|Any CPU
		{5D95B98A-0B64-4E35-97C2-FC4C3D20C5C2}.Debug|x64.ActiveCfg = Debug|Any CPU
		{5D95B98A-0B64-4E35-97C2-FC4C3D20C5C2}.Debug|x64.Build.0 = Debug|Any CPU
		{5D95B98A-0B64-4E35-97C2-FC4C3D20C5C2}.Debug|x64.Deploy.0 = Debug|Any CPU
		{5D95B98A-0B64-4E35-97C2-FC4C3D20C5C2}.Debug|x86.ActiveCfg = Debug|Any CPU
		{5D95B98A-0B64-4E35-97C2-FC4C3D20C5C2}.Debug|x86.Build.0 = Debug|Any CPU
		{5D95B98A-0B64-4E35-97C2-FC4C3D20C5C2}.Debug|x86.Deploy.0 = Debug|Any CPU
		{5D95B98A-0B64-4E35-97C2-FC4C3D20C5C2}.Release|Any CPU.ActiveCfg = Release|Any CPU
		{5D95B98A-0B64-4E35-97C2-FC4C3D20C5C2}.Release|Any CPU.Build.0 = Release|Any CPU
		{5D95B98A-0B64-4E35-97C2-FC4C3D20C5C2}.Release|Any CPU.Deploy.0 = Release|Any CPU
		{5D95B98A-0B64-4E35-97C2-FC4C3D20C5C2}.Release|ARM.ActiveCfg = Release|Any CPU
		{5D95B98A-0B64-4E35-97C2-FC4C3D20C5C2}.Release|ARM.Build.0 = Release|Any CPU
		{5D95B98A-0B64-4E35-97C2-FC4C3D20C5C2}.Release|ARM.Deploy.0 = Release|Any CPU
		{5D95B98A-0B64-4E35-97C2-FC4C3D20C5C2}.Release|iPhone.ActiveCfg = Release|Any CPU
		{5D95B98A-0B64-4E35-97C2-FC4C3D20C5C2}.Release|iPhone.Build.0 = Release|Any CPU
		{5D95B98A-0B64-4E35-97C2-FC4C3D20C5C2}.Release|iPhone.Deploy.0 = Release|Any CPU
		{5D95B98A-0B64-4E35-97C2-FC4C3D20C5C2}.Release|iPhoneSimulator.ActiveCfg = Release|Any CPU
		{5D95B98A-0B64-4E35-97C2-FC4C3D20C5C2}.Release|iPhoneSimulator.Build.0 = Release|Any CPU
		{5D95B98A-0B64-4E35-97C2-FC4C3D20C5C2}.Release|iPhoneSimulator.Deploy.0 = Release|Any CPU
		{5D95B98A-0B64-4E35-97C2-FC4C3D20C5C2}.Release|x64.ActiveCfg = Release|Any CPU
		{5D95B98A-0B64-4E35-97C2-FC4C3D20C5C2}.Release|x64.Build.0 = Release|Any CPU
		{5D95B98A-0B64-4E35-97C2-FC4C3D20C5C2}.Release|x64.Deploy.0 = Release|Any CPU
		{5D95B98A-0B64-4E35-97C2-FC4C3D20C5C2}.Release|x86.ActiveCfg = Release|Any CPU
		{5D95B98A-0B64-4E35-97C2-FC4C3D20C5C2}.Release|x86.Build.0 = Release|Any CPU
		{5D95B98A-0B64-4E35-97C2-FC4C3D20C5C2}.Release|x86.Deploy.0 = Release|Any CPU
		{B7344385-A8A9-4A55-A264-DF8745B4616E}.Ad-Hoc|Any CPU.ActiveCfg = Release|Any CPU
		{B7344385-A8A9-4A55-A264-DF8745B4616E}.Ad-Hoc|Any CPU.Build.0 = Release|Any CPU
		{B7344385-A8A9-4A55-A264-DF8745B4616E}.Ad-Hoc|ARM.ActiveCfg = Release|Any CPU
		{B7344385-A8A9-4A55-A264-DF8745B4616E}.Ad-Hoc|ARM.Build.0 = Release|Any CPU
		{B7344385-A8A9-4A55-A264-DF8745B4616E}.Ad-Hoc|iPhone.ActiveCfg = Release|Any CPU
		{B7344385-A8A9-4A55-A264-DF8745B4616E}.Ad-Hoc|iPhone.Build.0 = Release|Any CPU
		{B7344385-A8A9-4A55-A264-DF8745B4616E}.Ad-Hoc|iPhoneSimulator.ActiveCfg = Release|Any CPU
		{B7344385-A8A9-4A55-A264-DF8745B4616E}.Ad-Hoc|iPhoneSimulator.Build.0 = Release|Any CPU
		{B7344385-A8A9-4A55-A264-DF8745B4616E}.Ad-Hoc|x64.ActiveCfg = Release|Any CPU
		{B7344385-A8A9-4A55-A264-DF8745B4616E}.Ad-Hoc|x64.Build.0 = Release|Any CPU
		{B7344385-A8A9-4A55-A264-DF8745B4616E}.Ad-Hoc|x86.ActiveCfg = Release|Any CPU
		{B7344385-A8A9-4A55-A264-DF8745B4616E}.Ad-Hoc|x86.Build.0 = Release|Any CPU
		{B7344385-A8A9-4A55-A264-DF8745B4616E}.AppStore|Any CPU.ActiveCfg = Release|Any CPU
		{B7344385-A8A9-4A55-A264-DF8745B4616E}.AppStore|Any CPU.Build.0 = Release|Any CPU
		{B7344385-A8A9-4A55-A264-DF8745B4616E}.AppStore|ARM.ActiveCfg = Release|Any CPU
		{B7344385-A8A9-4A55-A264-DF8745B4616E}.AppStore|ARM.Build.0 = Release|Any CPU
		{B7344385-A8A9-4A55-A264-DF8745B4616E}.AppStore|iPhone.ActiveCfg = Release|Any CPU
		{B7344385-A8A9-4A55-A264-DF8745B4616E}.AppStore|iPhone.Build.0 = Release|Any CPU
		{B7344385-A8A9-4A55-A264-DF8745B4616E}.AppStore|iPhoneSimulator.ActiveCfg = Release|Any CPU
		{B7344385-A8A9-4A55-A264-DF8745B4616E}.AppStore|iPhoneSimulator.Build.0 = Release|Any CPU
		{B7344385-A8A9-4A55-A264-DF8745B4616E}.AppStore|x64.ActiveCfg = Release|Any CPU
		{B7344385-A8A9-4A55-A264-DF8745B4616E}.AppStore|x64.Build.0 = Release|Any CPU
		{B7344385-A8A9-4A55-A264-DF8745B4616E}.AppStore|x86.ActiveCfg = Release|Any CPU
		{B7344385-A8A9-4A55-A264-DF8745B4616E}.AppStore|x86.Build.0 = Release|Any CPU
		{B7344385-A8A9-4A55-A264-DF8745B4616E}.Debug|Any CPU.ActiveCfg = Debug|Any CPU
		{B7344385-A8A9-4A55-A264-DF8745B4616E}.Debug|Any CPU.Build.0 = Debug|Any CPU
		{B7344385-A8A9-4A55-A264-DF8745B4616E}.Debug|ARM.ActiveCfg = Debug|Any CPU
		{B7344385-A8A9-4A55-A264-DF8745B4616E}.Debug|ARM.Build.0 = Debug|Any CPU
		{B7344385-A8A9-4A55-A264-DF8745B4616E}.Debug|iPhone.ActiveCfg = Debug|Any CPU
		{B7344385-A8A9-4A55-A264-DF8745B4616E}.Debug|iPhone.Build.0 = Debug|Any CPU
		{B7344385-A8A9-4A55-A264-DF8745B4616E}.Debug|iPhoneSimulator.ActiveCfg = Debug|Any CPU
		{B7344385-A8A9-4A55-A264-DF8745B4616E}.Debug|iPhoneSimulator.Build.0 = Debug|Any CPU
		{B7344385-A8A9-4A55-A264-DF8745B4616E}.Debug|x64.ActiveCfg = Debug|Any CPU
		{B7344385-A8A9-4A55-A264-DF8745B4616E}.Debug|x64.Build.0 = Debug|Any CPU
		{B7344385-A8A9-4A55-A264-DF8745B4616E}.Debug|x86.ActiveCfg = Debug|Any CPU
		{B7344385-A8A9-4A55-A264-DF8745B4616E}.Debug|x86.Build.0 = Debug|Any CPU
		{B7344385-A8A9-4A55-A264-DF8745B4616E}.Release|Any CPU.ActiveCfg = Release|Any CPU
		{B7344385-A8A9-4A55-A264-DF8745B4616E}.Release|Any CPU.Build.0 = Release|Any CPU
		{B7344385-A8A9-4A55-A264-DF8745B4616E}.Release|ARM.ActiveCfg = Release|Any CPU
		{B7344385-A8A9-4A55-A264-DF8745B4616E}.Release|ARM.Build.0 = Release|Any CPU
		{B7344385-A8A9-4A55-A264-DF8745B4616E}.Release|iPhone.ActiveCfg = Release|Any CPU
		{B7344385-A8A9-4A55-A264-DF8745B4616E}.Release|iPhone.Build.0 = Release|Any CPU
		{B7344385-A8A9-4A55-A264-DF8745B4616E}.Release|iPhoneSimulator.ActiveCfg = Release|Any CPU
		{B7344385-A8A9-4A55-A264-DF8745B4616E}.Release|iPhoneSimulator.Build.0 = Release|Any CPU
		{B7344385-A8A9-4A55-A264-DF8745B4616E}.Release|x64.ActiveCfg = Release|Any CPU
		{B7344385-A8A9-4A55-A264-DF8745B4616E}.Release|x64.Build.0 = Release|Any CPU
		{B7344385-A8A9-4A55-A264-DF8745B4616E}.Release|x86.ActiveCfg = Release|Any CPU
		{B7344385-A8A9-4A55-A264-DF8745B4616E}.Release|x86.Build.0 = Release|Any CPU
		{0491C1DC-259B-4A80-8BB0-8E5D61B79818}.Ad-Hoc|Any CPU.ActiveCfg = Release|x86
		{0491C1DC-259B-4A80-8BB0-8E5D61B79818}.Ad-Hoc|Any CPU.Build.0 = Release|x86
		{0491C1DC-259B-4A80-8BB0-8E5D61B79818}.Ad-Hoc|Any CPU.Deploy.0 = Release|x86
		{0491C1DC-259B-4A80-8BB0-8E5D61B79818}.Ad-Hoc|ARM.ActiveCfg = Release|ARM
		{0491C1DC-259B-4A80-8BB0-8E5D61B79818}.Ad-Hoc|ARM.Build.0 = Release|ARM
		{0491C1DC-259B-4A80-8BB0-8E5D61B79818}.Ad-Hoc|ARM.Deploy.0 = Release|ARM
		{0491C1DC-259B-4A80-8BB0-8E5D61B79818}.Ad-Hoc|iPhone.ActiveCfg = Release|x86
		{0491C1DC-259B-4A80-8BB0-8E5D61B79818}.Ad-Hoc|iPhone.Build.0 = Release|x86
		{0491C1DC-259B-4A80-8BB0-8E5D61B79818}.Ad-Hoc|iPhone.Deploy.0 = Release|x86
		{0491C1DC-259B-4A80-8BB0-8E5D61B79818}.Ad-Hoc|iPhoneSimulator.ActiveCfg = Release|x86
		{0491C1DC-259B-4A80-8BB0-8E5D61B79818}.Ad-Hoc|iPhoneSimulator.Build.0 = Release|x86
		{0491C1DC-259B-4A80-8BB0-8E5D61B79818}.Ad-Hoc|iPhoneSimulator.Deploy.0 = Release|x86
		{0491C1DC-259B-4A80-8BB0-8E5D61B79818}.Ad-Hoc|x64.ActiveCfg = Release|x64
		{0491C1DC-259B-4A80-8BB0-8E5D61B79818}.Ad-Hoc|x64.Build.0 = Release|x64
		{0491C1DC-259B-4A80-8BB0-8E5D61B79818}.Ad-Hoc|x64.Deploy.0 = Release|x64
		{0491C1DC-259B-4A80-8BB0-8E5D61B79818}.Ad-Hoc|x86.ActiveCfg = Release|x86
		{0491C1DC-259B-4A80-8BB0-8E5D61B79818}.Ad-Hoc|x86.Build.0 = Release|x86
		{0491C1DC-259B-4A80-8BB0-8E5D61B79818}.Ad-Hoc|x86.Deploy.0 = Release|x86
		{0491C1DC-259B-4A80-8BB0-8E5D61B79818}.AppStore|Any CPU.ActiveCfg = Release|x86
		{0491C1DC-259B-4A80-8BB0-8E5D61B79818}.AppStore|Any CPU.Build.0 = Release|x86
		{0491C1DC-259B-4A80-8BB0-8E5D61B79818}.AppStore|Any CPU.Deploy.0 = Release|x86
		{0491C1DC-259B-4A80-8BB0-8E5D61B79818}.AppStore|ARM.ActiveCfg = Release|ARM
		{0491C1DC-259B-4A80-8BB0-8E5D61B79818}.AppStore|ARM.Build.0 = Release|ARM
		{0491C1DC-259B-4A80-8BB0-8E5D61B79818}.AppStore|ARM.Deploy.0 = Release|ARM
		{0491C1DC-259B-4A80-8BB0-8E5D61B79818}.AppStore|iPhone.ActiveCfg = Release|x86
		{0491C1DC-259B-4A80-8BB0-8E5D61B79818}.AppStore|iPhone.Build.0 = Release|x86
		{0491C1DC-259B-4A80-8BB0-8E5D61B79818}.AppStore|iPhone.Deploy.0 = Release|x86
		{0491C1DC-259B-4A80-8BB0-8E5D61B79818}.AppStore|iPhoneSimulator.ActiveCfg = Release|x86
		{0491C1DC-259B-4A80-8BB0-8E5D61B79818}.AppStore|iPhoneSimulator.Build.0 = Release|x86
		{0491C1DC-259B-4A80-8BB0-8E5D61B79818}.AppStore|iPhoneSimulator.Deploy.0 = Release|x86
		{0491C1DC-259B-4A80-8BB0-8E5D61B79818}.AppStore|x64.ActiveCfg = Release|x64
		{0491C1DC-259B-4A80-8BB0-8E5D61B79818}.AppStore|x64.Build.0 = Release|x64
		{0491C1DC-259B-4A80-8BB0-8E5D61B79818}.AppStore|x64.Deploy.0 = Release|x64
		{0491C1DC-259B-4A80-8BB0-8E5D61B79818}.AppStore|x86.ActiveCfg = Release|x86
		{0491C1DC-259B-4A80-8BB0-8E5D61B79818}.AppStore|x86.Build.0 = Release|x86
		{0491C1DC-259B-4A80-8BB0-8E5D61B79818}.AppStore|x86.Deploy.0 = Release|x86
		{0491C1DC-259B-4A80-8BB0-8E5D61B79818}.Debug|Any CPU.ActiveCfg = Debug|x86
		{0491C1DC-259B-4A80-8BB0-8E5D61B79818}.Debug|ARM.ActiveCfg = Debug|ARM
		{0491C1DC-259B-4A80-8BB0-8E5D61B79818}.Debug|ARM.Build.0 = Debug|ARM
		{0491C1DC-259B-4A80-8BB0-8E5D61B79818}.Debug|ARM.Deploy.0 = Debug|ARM
		{0491C1DC-259B-4A80-8BB0-8E5D61B79818}.Debug|iPhone.ActiveCfg = Debug|x86
		{0491C1DC-259B-4A80-8BB0-8E5D61B79818}.Debug|iPhoneSimulator.ActiveCfg = Debug|x86
		{0491C1DC-259B-4A80-8BB0-8E5D61B79818}.Debug|x64.ActiveCfg = Debug|x64
		{0491C1DC-259B-4A80-8BB0-8E5D61B79818}.Debug|x64.Build.0 = Debug|x64
		{0491C1DC-259B-4A80-8BB0-8E5D61B79818}.Debug|x64.Deploy.0 = Debug|x64
		{0491C1DC-259B-4A80-8BB0-8E5D61B79818}.Debug|x86.ActiveCfg = Debug|x86
		{0491C1DC-259B-4A80-8BB0-8E5D61B79818}.Debug|x86.Build.0 = Debug|x86
		{0491C1DC-259B-4A80-8BB0-8E5D61B79818}.Debug|x86.Deploy.0 = Debug|x86
		{0491C1DC-259B-4A80-8BB0-8E5D61B79818}.Release|Any CPU.ActiveCfg = Release|x86
		{0491C1DC-259B-4A80-8BB0-8E5D61B79818}.Release|ARM.ActiveCfg = Release|ARM
		{0491C1DC-259B-4A80-8BB0-8E5D61B79818}.Release|ARM.Build.0 = Release|ARM
		{0491C1DC-259B-4A80-8BB0-8E5D61B79818}.Release|ARM.Deploy.0 = Release|ARM
		{0491C1DC-259B-4A80-8BB0-8E5D61B79818}.Release|iPhone.ActiveCfg = Release|x86
		{0491C1DC-259B-4A80-8BB0-8E5D61B79818}.Release|iPhoneSimulator.ActiveCfg = Release|x86
		{0491C1DC-259B-4A80-8BB0-8E5D61B79818}.Release|x64.ActiveCfg = Release|x64
		{0491C1DC-259B-4A80-8BB0-8E5D61B79818}.Release|x64.Build.0 = Release|x64
		{0491C1DC-259B-4A80-8BB0-8E5D61B79818}.Release|x64.Deploy.0 = Release|x64
		{0491C1DC-259B-4A80-8BB0-8E5D61B79818}.Release|x86.ActiveCfg = Release|x86
		{0491C1DC-259B-4A80-8BB0-8E5D61B79818}.Release|x86.Build.0 = Release|x86
		{0491C1DC-259B-4A80-8BB0-8E5D61B79818}.Release|x86.Deploy.0 = Release|x86
		{ACAD45D1-0290-42EC-854C-FB4B749C8AEA}.Ad-Hoc|Any CPU.ActiveCfg = Ad-Hoc|iPhone
		{ACAD45D1-0290-42EC-854C-FB4B749C8AEA}.Ad-Hoc|ARM.ActiveCfg = Ad-Hoc|iPhone
		{ACAD45D1-0290-42EC-854C-FB4B749C8AEA}.Ad-Hoc|iPhone.ActiveCfg = Ad-Hoc|iPhone
		{ACAD45D1-0290-42EC-854C-FB4B749C8AEA}.Ad-Hoc|iPhone.Build.0 = Ad-Hoc|iPhone
		{ACAD45D1-0290-42EC-854C-FB4B749C8AEA}.Ad-Hoc|iPhoneSimulator.ActiveCfg = Ad-Hoc|iPhoneSimulator
		{ACAD45D1-0290-42EC-854C-FB4B749C8AEA}.Ad-Hoc|iPhoneSimulator.Build.0 = Ad-Hoc|iPhoneSimulator
		{ACAD45D1-0290-42EC-854C-FB4B749C8AEA}.Ad-Hoc|x64.ActiveCfg = Ad-Hoc|iPhone
		{ACAD45D1-0290-42EC-854C-FB4B749C8AEA}.Ad-Hoc|x86.ActiveCfg = Ad-Hoc|iPhone
		{ACAD45D1-0290-42EC-854C-FB4B749C8AEA}.AppStore|Any CPU.ActiveCfg = AppStore|iPhone
		{ACAD45D1-0290-42EC-854C-FB4B749C8AEA}.AppStore|ARM.ActiveCfg = AppStore|iPhone
		{ACAD45D1-0290-42EC-854C-FB4B749C8AEA}.AppStore|iPhone.ActiveCfg = AppStore|iPhone
		{ACAD45D1-0290-42EC-854C-FB4B749C8AEA}.AppStore|iPhone.Build.0 = AppStore|iPhone
		{ACAD45D1-0290-42EC-854C-FB4B749C8AEA}.AppStore|iPhoneSimulator.ActiveCfg = AppStore|iPhoneSimulator
		{ACAD45D1-0290-42EC-854C-FB4B749C8AEA}.AppStore|iPhoneSimulator.Build.0 = AppStore|iPhoneSimulator
		{ACAD45D1-0290-42EC-854C-FB4B749C8AEA}.AppStore|x64.ActiveCfg = AppStore|iPhone
		{ACAD45D1-0290-42EC-854C-FB4B749C8AEA}.AppStore|x86.ActiveCfg = AppStore|iPhone
		{ACAD45D1-0290-42EC-854C-FB4B749C8AEA}.Debug|Any CPU.ActiveCfg = Debug|iPhone
		{ACAD45D1-0290-42EC-854C-FB4B749C8AEA}.Debug|ARM.ActiveCfg = Debug|iPhone
		{ACAD45D1-0290-42EC-854C-FB4B749C8AEA}.Debug|iPhone.ActiveCfg = Debug|iPhone
		{ACAD45D1-0290-42EC-854C-FB4B749C8AEA}.Debug|iPhone.Build.0 = Debug|iPhone
		{ACAD45D1-0290-42EC-854C-FB4B749C8AEA}.Debug|iPhoneSimulator.ActiveCfg = Debug|iPhoneSimulator
		{ACAD45D1-0290-42EC-854C-FB4B749C8AEA}.Debug|iPhoneSimulator.Build.0 = Debug|iPhoneSimulator
		{ACAD45D1-0290-42EC-854C-FB4B749C8AEA}.Debug|x64.ActiveCfg = Debug|iPhone
		{ACAD45D1-0290-42EC-854C-FB4B749C8AEA}.Debug|x86.ActiveCfg = Debug|iPhone
		{ACAD45D1-0290-42EC-854C-FB4B749C8AEA}.Release|Any CPU.ActiveCfg = Release|iPhone
		{ACAD45D1-0290-42EC-854C-FB4B749C8AEA}.Release|ARM.ActiveCfg = Release|iPhone
		{ACAD45D1-0290-42EC-854C-FB4B749C8AEA}.Release|iPhone.ActiveCfg = Release|iPhone
		{ACAD45D1-0290-42EC-854C-FB4B749C8AEA}.Release|iPhone.Build.0 = Release|iPhone
		{ACAD45D1-0290-42EC-854C-FB4B749C8AEA}.Release|iPhoneSimulator.ActiveCfg = Release|iPhoneSimulator
		{ACAD45D1-0290-42EC-854C-FB4B749C8AEA}.Release|iPhoneSimulator.Build.0 = Release|iPhoneSimulator
		{ACAD45D1-0290-42EC-854C-FB4B749C8AEA}.Release|x64.ActiveCfg = Release|iPhone
		{ACAD45D1-0290-42EC-854C-FB4B749C8AEA}.Release|x86.ActiveCfg = Release|iPhone
	EndGlobalSection
	GlobalSection(SolutionProperties) = preSolution
		HideSolutionNode = FALSE
	EndGlobalSection
EndGlobal
